// !$*UTF8*$!
{
	archiveVersion = 1;
	classes = {
	};
	objectVersion = 46;
	objects = {

/* Begin PBXBuildFile section */
		DE31CADF1BD0563700A12DC9 /* AppDelegate.swift in Sources */ = {isa = PBXBuildFile; fileRef = DE31CADE1BD0563700A12DC9 /* AppDelegate.swift */; };
		DE31CAE11BD0563700A12DC9 /* ViewController.swift in Sources */ = {isa = PBXBuildFile; fileRef = DE31CAE01BD0563700A12DC9 /* ViewController.swift */; };
		DE31CAE41BD0563700A12DC9 /* Main.storyboard in Resources */ = {isa = PBXBuildFile; fileRef = DE31CAE21BD0563700A12DC9 /* Main.storyboard */; };
		DE31CAE71BD0563700A12DC9 /* memorable_places.xcdatamodeld in Sources */ = {isa = PBXBuildFile; fileRef = DE31CAE51BD0563700A12DC9 /* memorable_places.xcdatamodeld */; };
		DE31CAE91BD0563700A12DC9 /* Assets.xcassets in Resources */ = {isa = PBXBuildFile; fileRef = DE31CAE81BD0563700A12DC9 /* Assets.xcassets */; };
		DE31CAEC1BD0563700A12DC9 /* LaunchScreen.storyboard in Resources */ = {isa = PBXBuildFile; fileRef = DE31CAEA1BD0563700A12DC9 /* LaunchScreen.storyboard */; };
/* End PBXBuildFile section */

/* Begin PBXFileReference section */
		DE31CADB1BD0563700A12DC9 /* memorable-places.app */ = {isa = PBXFileReference; explicitFileType = wrapper.application; includeInIndex = 0; path = "memorable-places.app"; sourceTree = BUILT_PRODUCTS_DIR; };
		DE31CADE1BD0563700A12DC9 /* AppDelegate.swift */ = {isa = PBXFileReference; lastKnownFileType = sourcecode.swift; path = AppDelegate.swift; sourceTree = "<group>"; };
		DE31CAE01BD0563700A12DC9 /* ViewController.swift */ = {isa = PBXFileReference; lastKnownFileType = sourcecode.swift; path = ViewController.swift; sourceTree = "<group>"; };
		DE31CAE31BD0563700A12DC9 /* Base */ = {isa = PBXFileReference; lastKnownFileType = file.storyboard; name = Base; path = Base.lproj/Main.storyboard; sourceTree = "<group>"; };
		DE31CAE61BD0563700A12DC9 /* memorable_places.xcdatamodel */ = {isa = PBXFileReference; lastKnownFileType = wrapper.xcdatamodel; path = memorable_places.xcdatamodel; sourceTree = "<group>"; };
		DE31CAE81BD0563700A12DC9 /* Assets.xcassets */ = {isa = PBXFileReference; lastKnownFileType = folder.assetcatalog; path = Assets.xcassets; sourceTree = "<group>"; };
		DE31CAEB1BD0563700A12DC9 /* Base */ = {isa = PBXFileReference; lastKnownFileType = file.storyboard; name = Base; path = Base.lproj/LaunchScreen.storyboard; sourceTree = "<group>"; };
		DE31CAED1BD0563700A12DC9 /* Info.plist */ = {isa = PBXFileReference; lastKnownFileType = text.plist.xml; path = Info.plist; sourceTree = "<group>"; };
/* End PBXFileReference section */

/* Begin PBXFrameworksBuildPhase section */
		DE31CAD81BD0563600A12DC9 /* Frameworks */ = {
			isa = PBXFrameworksBuildPhase;
			buildActionMask = 2147483647;
			files = (
			);
			runOnlyForDeploymentPostprocessing = 0;
		};
/* End PBXFrameworksBuildPhase section */

/* Begin PBXGroup section */
		DE31CAD21BD0563600A12DC9 = {
			isa = PBXGroup;
			children = (
				DE31CADD1BD0563700A12DC9 /* memorable-places */,
				DE31CADC1BD0563700A12DC9 /* Products */,
			);
			sourceTree = "<group>";
		};
		DE31CADC1BD0563700A12DC9 /* Products */ = {
			isa = PBXGroup;
			children = (
				DE31CADB1BD0563700A12DC9 /* memorable-places.app */,
			);
			name = Products;
			sourceTree = "<group>";
		};
		DE31CADD1BD0563700A12DC9 /* memorable-places */ = {
			isa = PBXGroup;
			children = (
				DE31CADE1BD0563700A12DC9 /* AppDelegate.swift */,
				DE31CAE01BD0563700A12DC9 /* ViewController.swift */,
				DE31CAE21BD0563700A12DC9 /* Main.storyboard */,
				DE31CAE81BD0563700A12DC9 /* Assets.xcassets */,
				DE31CAEA1BD0563700A12DC9 /* LaunchScreen.storyboard */,
				DE31CAED1BD0563700A12DC9 /* Info.plist */,
				DE31CAE51BD0563700A12DC9 /* memorable_places.xcdatamodeld */,
			);
			path = "memorable-places";
			sourceTree = "<group>";
		};
/* End PBXGroup section */

/* Begin PBXNativeTarget section */
		DE31CADA1BD0563600A12DC9 /* memorable-places */ = {
			isa = PBXNativeTarget;
			buildConfigurationList = DE31CAF01BD0563700A12DC9 /* Build configuration list for PBXNativeTarget "memorable-places" */;
			buildPhases = (
				DE31CAD71BD0563600A12DC9 /* Sources */,
				DE31CAD81BD0563600A12DC9 /* Frameworks */,
				DE31CAD91BD0563600A12DC9 /* Resources */,
			);
			buildRules = (
			);
			dependencies = (
			);
			name = "memorable-places";
			productName = "memorable-places";
			productReference = DE31CADB1BD0563700A12DC9 /* memorable-places.app */;
			productType = "com.apple.product-type.application";
		};
/* End PBXNativeTarget section */

/* Begin PBXProject section */
		DE31CAD31BD0563600A12DC9 /* Project object */ = {
			isa = PBXProject;
			attributes = {
				LastUpgradeCheck = 0700;
				ORGANIZATIONNAME = HashRocket;
				TargetAttributes = {
					DE31CADA1BD0563600A12DC9 = {
						CreatedOnToolsVersion = 7.0.1;
					};
				};
			};
			buildConfigurationList = DE31CAD61BD0563600A12DC9 /* Build configuration list for PBXProject "memorable-places" */;
			compatibilityVersion = "Xcode 3.2";
			developmentRegion = English;
			hasScannedForEncodings = 0;
			knownRegions = (
				en,
				Base,
			);
			mainGroup = DE31CAD21BD0563600A12DC9;
			productRefGroup = DE31CADC1BD0563700A12DC9 /* Products */;
			projectDirPath = "";
			projectRoot = "";
			targets = (
				DE31CADA1BD0563600A12DC9 /* memorable-places */,
			);
		};
/* End PBXProject section */

/* Begin PBXResourcesBuildPhase section */
		DE31CAD91BD0563600A12DC9 /* Resources */ = {
			isa = PBXResourcesBuildPhase;
			buildActionMask = 2147483647;
			files = (
				DE31CAEC1BD0563700A12DC9 /* LaunchScreen.storyboard in Resources */,
				DE31CAE91BD0563700A12DC9 /* Assets.xcassets in Resources */,
				DE31CAE41BD0563700A12DC9 /* Main.storyboard in Resources */,
			);
			runOnlyForDeploymentPostprocessing = 0;
		};
/* End PBXResourcesBuildPhase section */

/* Begin PBXSourcesBuildPhase section */
		DE31CAD71BD0563600A12DC9 /* Sources */ = {
			isa = PBXSourcesBuildPhase;
			buildActionMask = 2147483647;
			files = (
				DE31CAE11BD0563700A12DC9 /* ViewController.swift in Sources */,
				DE31CAE71BD0563700A12DC9 /* memorable_places.xcdatamodeld in Sources */,
				DE31CADF1BD0563700A12DC9 /* AppDelegate.swift in Sources */,
			);
			runOnlyForDeploymentPostprocessing = 0;
		};
/* End PBXSourcesBuildPhase section */

/* Begin PBXVariantGroup section */
		DE31CAE21BD0563700A12DC9 /* Main.storyboard */ = {
			isa = PBXVariantGroup;
			children = (
				DE31CAE31BD0563700A12DC9 /* Base */,
			);
			name = Main.storyboard;
			sourceTree = "<group>";
		};
		DE31CAEA1BD0563700A12DC9 /* LaunchScreen.storyboard */ = {
			isa = PBXVariantGroup;
			children = (
				DE31CAEB1BD0563700A12DC9 /* Base */,
			);
			name = LaunchScreen.storyboard;
			sourceTree = "<group>";
		};
/* End PBXVariantGroup section */

/* Begin XCBuildConfiguration section */
		DE31CAEE1BD0563700A12DC9 /* Debug */ = {
			isa = XCBuildConfiguration;
			buildSettings = {
				ALWAYS_SEARCH_USER_PATHS = NO;
				CLANG_CXX_LANGUAGE_STANDARD = "gnu++0x";
				CLANG_CXX_LIBRARY = "libc++";
				CLANG_ENABLE_MODULES = YES;
				CLANG_ENABLE_OBJC_ARC = YES;
				CLANG_WARN_BOOL_CONVERSION = YES;
				CLANG_WARN_CONSTANT_CONVERSION = YES;
				CLANG_WARN_DIRECT_OBJC_ISA_USAGE = YES_ERROR;
				CLANG_WARN_EMPTY_BODY = YES;
				CLANG_WARN_ENUM_CONVERSION = YES;
				CLANG_WARN_INT_CONVERSION = YES;
				CLANG_WARN_OBJC_ROOT_CLASS = YES_ERROR;
				CLANG_WARN_UNREACHABLE_CODE = YES;
				CLANG_WARN__DUPLICATE_METHOD_MATCH = YES;
				"CODE_SIGN_IDENTITY[sdk=iphoneos*]" = "iPhone Developer";
				COPY_PHASE_STRIP = NO;
				DEBUG_INFORMATION_FORMAT = dwarf;
				ENABLE_STRICT_OBJC_MSGSEND = YES;
				ENABLE_TESTABILITY = YES;
				GCC_C_LANGUAGE_STANDARD = gnu99;
				GCC_DYNAMIC_NO_PIC = NO;
				GCC_NO_COMMON_BLOCKS = YES;
				GCC_OPTIMIZATION_LEVEL = 0;
				GCC_PREPROCESSOR_DEFINITIONS = (
					"DEBUG=1",
					"$(inherited)",
				);
				GCC_WARN_64_TO_32_BIT_CONVERSION = YES;
				GCC_WARN_ABOUT_RETURN_TYPE = YES_ERROR;
				GCC_WARN_UNDECLARED_SELECTOR = YES;
				GCC_WARN_UNINITIALIZED_AUTOS = YES_AGGRESSIVE;
				GCC_WARN_UNUSED_FUNCTION = YES;
				GCC_WARN_UNUSED_VARIABLE = YES;
				IPHONEOS_DEPLOYMENT_TARGET = 9.0;
				MTL_ENABLE_DEBUG_INFO = YES;
				ONLY_ACTIVE_ARCH = YES;
				SDKROOT = iphoneos;
				SWIFT_OPTIMIZATION_LEVEL = "-Onone";
			};
			name = Debug;
		};
		DE31CAEF1BD0563700A12DC9 /* Release */ = {
			isa = XCBuildConfiguration;
			buildSettings = {
				ALWAYS_SEARCH_USER_PATHS = NO;
				CLANG_CXX_LANGUAGE_STANDARD = "gnu++0x";
				CLANG_CXX_LIBRARY = "libc++";
				CLANG_ENABLE_MODULES = YES;
				CLANG_ENABLE_OBJC_ARC = YES;
				CLANG_WARN_BOOL_CONVERSION = YES;
				CLANG_WARN_CONSTANT_CONVERSION = YES;
				CLANG_WARN_DIRECT_OBJC_ISA_USAGE = YES_ERROR;
				CLANG_WARN_EMPTY_BODY = YES;
				CLANG_WARN_ENUM_CONVERSION = YES;
				CLANG_WARN_INT_CONVERSION = YES;
				CLANG_WARN_OBJC_ROOT_CLASS = YES_ERROR;
				CLANG_WARN_UNREACHABLE_CODE = YES;
				CLANG_WARN__DUPLICATE_METHOD_MATCH = YES;
				"CODE_SIGN_IDENTITY[sdk=iphoneos*]" = "iPhone Developer";
				COPY_PHASE_STRIP = NO;
				DEBUG_INFORMATION_FORMAT = "dwarf-with-dsym";
				ENABLE_NS_ASSERTIONS = NO;
				ENABLE_STRICT_OBJC_MSGSEND = YES;
				GCC_C_LANGUAGE_STANDARD = gnu99;
				GCC_NO_COMMON_BLOCKS = YES;
				GCC_WARN_64_TO_32_BIT_CONVERSION = YES;
				GCC_WARN_ABOUT_RETURN_TYPE = YES_ERROR;
				GCC_WARN_UNDECLARED_SELECTOR = YES;
				GCC_WARN_UNINITIALIZED_AUTOS = YES_AGGRESSIVE;
				GCC_WARN_UNUSED_FUNCTION = YES;
				GCC_WARN_UNUSED_VARIABLE = YES;
				IPHONEOS_DEPLOYMENT_TARGET = 9.0;
				MTL_ENABLE_DEBUG_INFO = NO;
				SDKROOT = iphoneos;
				VALIDATE_PRODUCT = YES;
			};
			name = Release;
		};
		DE31CAF11BD0563700A12DC9 /* Debug */ = {
			isa = XCBuildConfiguration;
			buildSettings = {
				ASSETCATALOG_COMPILER_APPICON_NAME = AppIcon;
				INFOPLIST_FILE = "memorable-places/Info.plist";
				LD_RUNPATH_SEARCH_PATHS = "$(inherited) @executable_path/Frameworks";
				PRODUCT_BUNDLE_IDENTIFIER = "Open-Sky-Media--LLC.memorable-places";
				PRODUCT_NAME = "$(TARGET_NAME)";
			};
			name = Debug;
		};
		DE31CAF21BD0563700A12DC9 /* Release */ = {
			isa = XCBuildConfiguration;
			buildSettings = {
				ASSETCATALOG_COMPILER_APPICON_NAME = AppIcon;
				INFOPLIST_FILE = "memorable-places/Info.plist";
				LD_RUNPATH_SEARCH_PATHS = "$(inherited) @executable_path/Frameworks";
				PRODUCT_BUNDLE_IDENTIFIER = "Open-Sky-Media--LLC.memorable-places";
				PRODUCT_NAME = "$(TARGET_NAME)";
			};
			name = Release;
		};
/* End XCBuildConfiguration section */

/* Begin XCConfigurationList section */
		DE31CAD61BD0563600A12DC9 /* Build configuration list for PBXProject "memorable-places" */ = {
			isa = XCConfigurationList;
			buildConfigurations = (
				DE31CAEE1BD0563700A12DC9 /* Debug */,
				DE31CAEF1BD0563700A12DC9 /* Release */,
			);
			defaultConfigurationIsVisible = 0;
			defaultConfigurationName = Release;
		};
		DE31CAF01BD0563700A12DC9 /* Build configuration list for PBXNativeTarget "memorable-places" */ = {
			isa = XCConfigurationList;
			buildConfigurations = (
				DE31CAF11BD0563700A12DC9 /* Debug */,
				DE31CAF21BD0563700A12DC9 /* Release */,
			);
			defaultConfigurationIsVisible = 0;
		};
/* End XCConfigurationList section */

/* Begin XCVersionGroup section */
		DE31CAE51BD0563700A12DC9 /* memorable_places.xcdatamodeld */ = {
			isa = XCVersionGroup;
			children = (
				DE31CAE61BD0563700A12DC9 /* memorable_places.xcdatamodel */,
			);
			currentVersion = DE31CAE61BD0563700A12DC9 /* memorable_places.xcdatamodel */;
			path = memorable_places.xcdatamodeld;
			sourceTree = "<group>";
			versionGroupType = wrapper.xcdatamodel;
		};
/* End XCVersionGroup section */
	};
	rootObject = DE31CAD31BD0563600A12DC9 /* Project object */;
}
